{
  "version": 4,
  "terraform_version": "0.12.26",
  "serial": 112,
  "lineage": "8481819f-9ac8-bc48-f612-9ffbae55d3cc",
  "outputs": {},
  "resources": [
    {
      "mode": "managed",
      "type": "aws_cloudfront_origin_access_identity",
      "name": "oai",
      "provider": "provider.aws",
      "instances": [
        {
          "schema_version": 0,
          "attributes": {
            "caller_reference": "terraform-20200811114838378400000001",
            "cloudfront_access_identity_path": "origin-access-identity/cloudfront/E2UYRJXKEAA1EM",
            "comment": "this is OAI to be used in cloudfront",
            "etag": "E3LFKI671FMEY2",
            "iam_arn": "arn:aws:iam::cloudfront:user/CloudFront Origin Access Identity E2UYRJXKEAA1EM",
            "id": "E2UYRJXKEAA1EM",
            "s3_canonical_user_id": "dc6dfd68f420273a956b1eeb2debb4ad266cf4a3bc1e997c1d36e95bc21b1b5b92bf2f14adb5ff5ac915c7976327bd30"
          }
        }
      ]
    }
  ]
}
